
Microsoft Visual Studio Solution File, Format Version 12.00
# Visual Studio Version 17
VisualStudioVersion = 17.8.34525.116
MinimumVisualStudioVersion = 10.0.40219.1
Project("{9A19103F-16F7-4668-BE54-9A1E7A4F7556}") = "FormsComBancoDeDados", "FormsComBancoDeDados\FormsComBancoDeDados.csproj", "{FB6DB2C3-B75C-4A2F-8D0D-AA9B92EF1730}"
EndProject
Project("{FAE04EC0-301F-11D3-BF4B-00C04F79EFBC}") = "ProjetoTeste", "ProjetoTeste\ProjetoTeste.csproj", "{D85A8729-B989-4D33-8220-C491D293760A}"
EndProject
Global
	GlobalSection(SolutionConfigurationPlatforms) = preSolution
		Debug|Any CPU = Debug|Any CPU
		Release|Any CPU = Release|Any CPU
	EndGlobalSection
	GlobalSection(ProjectConfigurationPlatforms) = postSolution
		{FB6DB2C3-B75C-4A2F-8D0D-AA9B92EF1730}.Debug|Any CPU.ActiveCfg = Debug|Any CPU
		{FB6DB2C3-B75C-4A2F-8D0D-AA9B92EF1730}.Debug|Any CPU.Build.0 = Debug|Any CPU
		{FB6DB2C3-B75C-4A2F-8D0D-AA9B92EF1730}.Release|Any CPU.ActiveCfg = Release|Any CPU
		{FB6DB2C3-B75C-4A2F-8D0D-AA9B92EF1730}.Release|Any CPU.Build.0 = Release|Any CPU
		{D85A8729-B989-4D33-8220-C491D293760A}.Debug|Any CPU.ActiveCfg = Debug|Any CPU
		{D85A8729-B989-4D33-8220-C491D293760A}.Debug|Any CPU.Build.0 = Debug|Any CPU
		{D85A8729-B989-4D33-8220-C491D293760A}.Release|Any CPU.ActiveCfg = Release|Any CPU
		{D85A8729-B989-4D33-8220-C491D293760A}.Release|Any CPU.Build.0 = Release|Any CPU
	EndGlobalSection
	GlobalSection(SolutionProperties) = preSolution
		HideSolutionNode = FALSE
	EndGlobalSection
	GlobalSection(ExtensibilityGlobals) = postSolution
		SolutionGuid = {3F68A54A-FBFB-4BB8-A8AD-B70A446CD709}
	EndGlobalSection
EndGlobal
